
Microsoft Visual Studio Solution File, Format Version 12.00
# Visual Studio Version 16
VisualStudioVersion = 16.0.30717.126
MinimumVisualStudioVersion = 10.0.40219.1
Project("{FAE04EC0-301F-11D3-BF4B-00C04F79EFBC}") = "TestWebAppCICD", "TestWebAppCICD.csproj", "{18BBF435-252A-47E1-868E-9C608DA332CF}"
EndProject
Global
	GlobalSection(SolutionConfigurationPlatforms) = preSolution
		Debug|Any CPU = Debug|Any CPU
		Release|Any CPU = Release|Any CPU
	EndGlobalSection
	GlobalSection(ProjectConfigurationPlatforms) = postSolution
		{18BBF435-252A-47E1-868E-9C608DA332CF}.Debug|Any CPU.ActiveCfg = Debug|Any CPU
		{18BBF435-252A-47E1-868E-9C608DA332CF}.Debug|Any CPU.Build.0 = Debug|Any CPU
		{18BBF435-252A-47E1-868E-9C608DA332CF}.Release|Any CPU.ActiveCfg = Release|Any CPU
		{18BBF435-252A-47E1-868E-9C608DA332CF}.Release|Any CPU.Build.0 = Release|Any CPU
	EndGlobalSection
	GlobalSection(SolutionProperties) = preSolution
		HideSolutionNode = FALSE
	EndGlobalSection
	GlobalSection(ExtensibilityGlobals) = postSolution
		SolutionGuid = {18F9615E-0EE1-4A9E-A4CC-6EF2FBD5ED30}
	EndGlobalSection
EndGlobal
